
Microsoft Visual Studio Solution File, Format Version 12.00
# Visual Studio 15
VisualStudioVersion = 15.0.27004.2005
MinimumVisualStudioVersion = 10.0.40219.1
Project("{FAE04EC0-301F-11D3-BF4B-00C04F79EFBC}") = "01-ExtractEmails", "01-ExtractEmails\01-ExtractEmails.csproj", "{58D7D491-5A47-4439-B3C7-565F0990252D}"
EndProject
Project("{FAE04EC0-301F-11D3-BF4B-00C04F79EFBC}") = "02-ExtractSentByKeyWord", "02-ExtractSentByKeyWord\02-ExtractSentByKeyWord.csproj", "{02C54482-451E-4D4C-BFD5-92F47DE80619}"
EndProject
Project("{FAE04EC0-301F-11D3-BF4B-00C04F79EFBC}") = "03-CameraView", "03-CameraView\03-CameraView.csproj", "{1FEE95F1-922D-4B6B-90D6-617E032330C8}"
EndProject
Project("{FAE04EC0-301F-11D3-BF4B-00C04F79EFBC}") = "04-Weather", "04-Weather\04-Weather.csproj", "{FD859CFF-A441-437E-AEE3-D242F8B92BAA}"
EndProject
Project("{FAE04EC0-301F-11D3-BF4B-00C04F79EFBC}") = "05-KeyReplacer", "05-KeyReplacer\05-KeyReplacer.csproj", "{B188F327-6A93-404B-9B67-7364791CBC01}"
EndProject
Project("{FAE04EC0-301F-11D3-BF4B-00C04F79EFBC}") = "06-ValidUsernames", "06-ValidUsernames\06-ValidUsernames.csproj", "{3D8A74F4-3350-47CC-ADD2-10BCD1B38F81}"
EndProject
Project("{FAE04EC0-301F-11D3-BF4B-00C04F79EFBC}") = "07-QueryMess", "07-QueryMess\07-QueryMess.csproj", "{D5D03051-3903-405C-949C-839C7054889C}"
EndProject
Project("{FAE04EC0-301F-11D3-BF4B-00C04F79EFBC}") = "08-UseChains", "08-UseChains\08-UseChains.csproj", "{ED6D0D12-1064-4AAB-BBB8-D883C8D72AA2}"
EndProject
Global
	GlobalSection(SolutionConfigurationPlatforms) = preSolution
		Debug|Any CPU = Debug|Any CPU
		Debug|ARM = Debug|ARM
		Debug|x64 = Debug|x64
		Debug|x86 = Debug|x86
		Release|Any CPU = Release|Any CPU
		Release|ARM = Release|ARM
		Release|x64 = Release|x64
		Release|x86 = Release|x86
	EndGlobalSection
	GlobalSection(ProjectConfigurationPlatforms) = postSolution
		{58D7D491-5A47-4439-B3C7-565F0990252D}.Debug|Any CPU.ActiveCfg = Debug|Any CPU
		{58D7D491-5A47-4439-B3C7-565F0990252D}.Debug|Any CPU.Build.0 = Debug|Any CPU
		{58D7D491-5A47-4439-B3C7-565F0990252D}.Debug|ARM.ActiveCfg = Debug|Any CPU
		{58D7D491-5A47-4439-B3C7-565F0990252D}.Debug|ARM.Build.0 = Debug|Any CPU
		{58D7D491-5A47-4439-B3C7-565F0990252D}.Debug|x64.ActiveCfg = Debug|Any CPU
		{58D7D491-5A47-4439-B3C7-565F0990252D}.Debug|x64.Build.0 = Debug|Any CPU
		{58D7D491-5A47-4439-B3C7-565F0990252D}.Debug|x86.ActiveCfg = Debug|Any CPU
		{58D7D491-5A47-4439-B3C7-565F0990252D}.Debug|x86.Build.0 = Debug|Any CPU
		{58D7D491-5A47-4439-B3C7-565F0990252D}.Release|Any CPU.ActiveCfg = Release|Any CPU
		{58D7D491-5A47-4439-B3C7-565F0990252D}.Release|Any CPU.Build.0 = Release|Any CPU
		{58D7D491-5A47-4439-B3C7-565F0990252D}.Release|ARM.ActiveCfg = Release|Any CPU
		{58D7D491-5A47-4439-B3C7-565F0990252D}.Release|ARM.Build.0 = Release|Any CPU
		{58D7D491-5A47-4439-B3C7-565F0990252D}.Release|x64.ActiveCfg = Release|Any CPU
		{58D7D491-5A47-4439-B3C7-565F0990252D}.Release|x64.Build.0 = Release|Any CPU
		{58D7D491-5A47-4439-B3C7-565F0990252D}.Release|x86.ActiveCfg = Release|Any CPU
		{58D7D491-5A47-4439-B3C7-565F0990252D}.Release|x86.Build.0 = Release|Any CPU
		{02C54482-451E-4D4C-BFD5-92F47DE80619}.Debug|Any CPU.ActiveCfg = Debug|Any CPU
		{02C54482-451E-4D4C-BFD5-92F47DE80619}.Debug|Any CPU.Build.0 = Debug|Any CPU
		{02C54482-451E-4D4C-BFD5-92F47DE80619}.Debug|ARM.ActiveCfg = Debug|Any CPU
		{02C54482-451E-4D4C-BFD5-92F47DE80619}.Debug|ARM.Build.0 = Debug|Any CPU
		{02C54482-451E-4D4C-BFD5-92F47DE80619}.Debug|x64.ActiveCfg = Debug|Any CPU
		{02C54482-451E-4D4C-BFD5-92F47DE80619}.Debug|x64.Build.0 = Debug|Any CPU
		{02C54482-451E-4D4C-BFD5-92F47DE80619}.Debug|x86.ActiveCfg = Debug|Any CPU
		{02C54482-451E-4D4C-BFD5-92F47DE80619}.Debug|x86.Build.0 = Debug|Any CPU
		{02C54482-451E-4D4C-BFD5-92F47DE80619}.Release|Any CPU.ActiveCfg = Release|Any CPU
		{02C54482-451E-4D4C-BFD5-92F47DE80619}.Release|Any CPU.Build.0 = Release|Any CPU
		{02C54482-451E-4D4C-BFD5-92F47DE80619}.Release|ARM.ActiveCfg = Release|Any CPU
		{02C54482-451E-4D4C-BFD5-92F47DE80619}.Release|ARM.Build.0 = Release|Any CPU
		{02C54482-451E-4D4C-BFD5-92F47DE80619}.Release|x64.ActiveCfg = Release|Any CPU
		{02C54482-451E-4D4C-BFD5-92F47DE80619}.Release|x64.Build.0 = Release|Any CPU
		{02C54482-451E-4D4C-BFD5-92F47DE80619}.Release|x86.ActiveCfg = Release|Any CPU
		{02C54482-451E-4D4C-BFD5-92F47DE80619}.Release|x86.Build.0 = Release|Any CPU
		{1FEE95F1-922D-4B6B-90D6-617E032330C8}.Debug|Any CPU.ActiveCfg = Debug|Any CPU
		{1FEE95F1-922D-4B6B-90D6-617E032330C8}.Debug|Any CPU.Build.0 = Debug|Any CPU
		{1FEE95F1-922D-4B6B-90D6-617E032330C8}.Debug|ARM.ActiveCfg = Debug|Any CPU
		{1FEE95F1-922D-4B6B-90D6-617E032330C8}.Debug|ARM.Build.0 = Debug|Any CPU
		{1FEE95F1-922D-4B6B-90D6-617E032330C8}.Debug|x64.ActiveCfg = Debug|Any CPU
		{1FEE95F1-922D-4B6B-90D6-617E032330C8}.Debug|x64.Build.0 = Debug|Any CPU
		{1FEE95F1-922D-4B6B-90D6-617E032330C8}.Debug|x86.ActiveCfg = Debug|Any CPU
		{1FEE95F1-922D-4B6B-90D6-617E032330C8}.Debug|x86.Build.0 = Debug|Any CPU
		{1FEE95F1-922D-4B6B-90D6-617E032330C8}.Release|Any CPU.ActiveCfg = Release|Any CPU
		{1FEE95F1-922D-4B6B-90D6-617E032330C8}.Release|Any CPU.Build.0 = Release|Any CPU
		{1FEE95F1-922D-4B6B-90D6-617E032330C8}.Release|ARM.ActiveCfg = Release|Any CPU
		{1FEE95F1-922D-4B6B-90D6-617E032330C8}.Release|ARM.Build.0 = Release|Any CPU
		{1FEE95F1-922D-4B6B-90D6-617E032330C8}.Release|x64.ActiveCfg = Release|Any CPU
		{1FEE95F1-922D-4B6B-90D6-617E032330C8}.Release|x64.Build.0 = Release|Any CPU
		{1FEE95F1-922D-4B6B-90D6-617E032330C8}.Release|x86.ActiveCfg = Release|Any CPU
		{1FEE95F1-922D-4B6B-90D6-617E032330C8}.Release|x86.Build.0 = Release|Any CPU
		{FD859CFF-A441-437E-AEE3-D242F8B92BAA}.Debug|Any CPU.ActiveCfg = Debug|Any CPU
		{FD859CFF-A441-437E-AEE3-D242F8B92BAA}.Debug|Any CPU.Build.0 = Debug|Any CPU
		{FD859CFF-A441-437E-AEE3-D242F8B92BAA}.Debug|ARM.ActiveCfg = Debug|Any CPU
		{FD859CFF-A441-437E-AEE3-D242F8B92BAA}.Debug|ARM.Build.0 = Debug|Any CPU
		{FD859CFF-A441-437E-AEE3-D242F8B92BAA}.Debug|x64.ActiveCfg = Debug|Any CPU
		{FD859CFF-A441-437E-AEE3-D242F8B92BAA}.Debug|x64.Build.0 = Debug|Any CPU
		{FD859CFF-A441-437E-AEE3-D242F8B92BAA}.Debug|x86.ActiveCfg = Debug|Any CPU
		{FD859CFF-A441-437E-AEE3-D242F8B92BAA}.Debug|x86.Build.0 = Debug|Any CPU
		{FD859CFF-A441-437E-AEE3-D242F8B92BAA}.Release|Any CPU.ActiveCfg = Release|Any CPU
		{FD859CFF-A441-437E-AEE3-D242F8B92BAA}.Release|Any CPU.Build.0 = Release|Any CPU
		{FD859CFF-A441-437E-AEE3-D242F8B92BAA}.Release|ARM.ActiveCfg = Release|Any CPU
		{FD859CFF-A441-437E-AEE3-D242F8B92BAA}.Release|ARM.Build.0 = Release|Any CPU
		{FD859CFF-A441-437E-AEE3-D242F8B92BAA}.Release|x64.ActiveCfg = Release|Any CPU
		{FD859CFF-A441-437E-AEE3-D242F8B92BAA}.Release|x64.Build.0 = Release|Any CPU
		{FD859CFF-A441-437E-AEE3-D242F8B92BAA}.Release|x86.ActiveCfg = Release|Any CPU
		{FD859CFF-A441-437E-AEE3-D242F8B92BAA}.Release|x86.Build.0 = Release|Any CPU
		{B188F327-6A93-404B-9B67-7364791CBC01}.Debug|Any CPU.ActiveCfg = Debug|Any CPU
		{B188F327-6A93-404B-9B67-7364791CBC01}.Debug|Any CPU.Build.0 = Debug|Any CPU
		{B188F327-6A93-404B-9B67-7364791CBC01}.Debug|ARM.ActiveCfg = Debug|Any CPU
		{B188F327-6A93-404B-9B67-7364791CBC01}.Debug|ARM.Build.0 = Debug|Any CPU
		{B188F327-6A93-404B-9B67-7364791CBC01}.Debug|x64.ActiveCfg = Debug|Any CPU
		{B188F327-6A93-404B-9B67-7364791CBC01}.Debug|x64.Build.0 = Debug|Any CPU
		{B188F327-6A93-404B-9B67-7364791CBC01}.Debug|x86.ActiveCfg = Debug|Any CPU
		{B188F327-6A93-404B-9B67-7364791CBC01}.Debug|x86.Build.0 = Debug|Any CPU
		{B188F327-6A93-404B-9B67-7364791CBC01}.Release|Any CPU.ActiveCfg = Release|Any CPU
		{B188F327-6A93-404B-9B67-7364791CBC01}.Release|Any CPU.Build.0 = Release|Any CPU
		{B188F327-6A93-404B-9B67-7364791CBC01}.Release|ARM.ActiveCfg = Release|Any CPU
		{B188F327-6A93-404B-9B67-7364791CBC01}.Release|ARM.Build.0 = Release|Any CPU
		{B188F327-6A93-404B-9B67-7364791CBC01}.Release|x64.ActiveCfg = Release|Any CPU
		{B188F327-6A93-404B-9B67-7364791CBC01}.Release|x64.Build.0 = Release|Any CPU
		{B188F327-6A93-404B-9B67-7364791CBC01}.Release|x86.ActiveCfg = Release|Any CPU
		{B188F327-6A93-404B-9B67-7364791CBC01}.Release|x86.Build.0 = Release|Any CPU
		{3D8A74F4-3350-47CC-ADD2-10BCD1B38F81}.Debug|Any CPU.ActiveCfg = Debug|Any CPU
		{3D8A74F4-3350-47CC-ADD2-10BCD1B38F81}.Debug|Any CPU.Build.0 = Debug|Any CPU
		{3D8A74F4-3350-47CC-ADD2-10BCD1B38F81}.Debug|ARM.ActiveCfg = Debug|Any CPU
		{3D8A74F4-3350-47CC-ADD2-10BCD1B38F81}.Debug|ARM.Build.0 = Debug|Any CPU
		{3D8A74F4-3350-47CC-ADD2-10BCD1B38F81}.Debug|x64.ActiveCfg = Debug|Any CPU
		{3D8A74F4-3350-47CC-ADD2-10BCD1B38F81}.Debug|x64.Build.0 = Debug|Any CPU
		{3D8A74F4-3350-47CC-ADD2-10BCD1B38F81}.Debug|x86.ActiveCfg = Debug|Any CPU
		{3D8A74F4-3350-47CC-ADD2-10BCD1B38F81}.Debug|x86.Build.0 = Debug|Any CPU
		{3D8A74F4-3350-47CC-ADD2-10BCD1B38F81}.Release|Any CPU.ActiveCfg = Release|Any CPU
		{3D8A74F4-3350-47CC-ADD2-10BCD1B38F81}.Release|Any CPU.Build.0 = Release|Any CPU
		{3D8A74F4-3350-47CC-ADD2-10BCD1B38F81}.Release|ARM.ActiveCfg = Release|Any CPU
		{3D8A74F4-3350-47CC-ADD2-10BCD1B38F81}.Release|ARM.Build.0 = Release|Any CPU
		{3D8A74F4-3350-47CC-ADD2-10BCD1B38F81}.Release|x64.ActiveCfg = Release|Any CPU
		{3D8A74F4-3350-47CC-ADD2-10BCD1B38F81}.Release|x64.Build.0 = Release|Any CPU
		{3D8A74F4-3350-47CC-ADD2-10BCD1B38F81}.Release|x86.ActiveCfg = Release|Any CPU
		{3D8A74F4-3350-47CC-ADD2-10BCD1B38F81}.Release|x86.Build.0 = Release|Any CPU
		{D5D03051-3903-405C-949C-839C7054889C}.Debug|Any CPU.ActiveCfg = Debug|Any CPU
		{D5D03051-3903-405C-949C-839C7054889C}.Debug|Any CPU.Build.0 = Debug|Any CPU
		{D5D03051-3903-405C-949C-839C7054889C}.Debug|ARM.ActiveCfg = Debug|Any CPU
		{D5D03051-3903-405C-949C-839C7054889C}.Debug|ARM.Build.0 = Debug|Any CPU
		{D5D03051-3903-405C-949C-839C7054889C}.Debug|x64.ActiveCfg = Debug|Any CPU
		{D5D03051-3903-405C-949C-839C7054889C}.Debug|x64.Build.0 = Debug|Any CPU
		{D5D03051-3903-405C-949C-839C7054889C}.Debug|x86.ActiveCfg = Debug|Any CPU
		{D5D03051-3903-405C-949C-839C7054889C}.Debug|x86.Build.0 = Debug|Any CPU
		{D5D03051-3903-405C-949C-839C7054889C}.Release|Any CPU.ActiveCfg = Release|Any CPU
		{D5D03051-3903-405C-949C-839C7054889C}.Release|Any CPU.Build.0 = Release|Any CPU
		{D5D03051-3903-405C-949C-839C7054889C}.Release|ARM.ActiveCfg = Release|Any CPU
		{D5D03051-3903-405C-949C-839C7054889C}.Release|ARM.Build.0 = Release|Any CPU
		{D5D03051-3903-405C-949C-839C7054889C}.Release|x64.ActiveCfg = Release|Any CPU
		{D5D03051-3903-405C-949C-839C7054889C}.Release|x64.Build.0 = Release|Any CPU
		{D5D03051-3903-405C-949C-839C7054889C}.Release|x86.ActiveCfg = Release|Any CPU
		{D5D03051-3903-405C-949C-839C7054889C}.Release|x86.Build.0 = Release|Any CPU
		{ED6D0D12-1064-4AAB-BBB8-D883C8D72AA2}.Debug|Any CPU.ActiveCfg = Debug|Any CPU
		{ED6D0D12-1064-4AAB-BBB8-D883C8D72AA2}.Debug|Any CPU.Build.0 = Debug|Any CPU
		{ED6D0D12-1064-4AAB-BBB8-D883C8D72AA2}.Debug|ARM.ActiveCfg = Debug|Any CPU
		{ED6D0D12-1064-4AAB-BBB8-D883C8D72AA2}.Debug|ARM.Build.0 = Debug|Any CPU
		{ED6D0D12-1064-4AAB-BBB8-D883C8D72AA2}.Debug|x64.ActiveCfg = Debug|Any CPU
		{ED6D0D12-1064-4AAB-BBB8-D883C8D72AA2}.Debug|x64.Build.0 = Debug|Any CPU
		{ED6D0D12-1064-4AAB-BBB8-D883C8D72AA2}.Debug|x86.ActiveCfg = Debug|Any CPU
		{ED6D0D12-1064-4AAB-BBB8-D883C8D72AA2}.Debug|x86.Build.0 = Debug|Any CPU
		{ED6D0D12-1064-4AAB-BBB8-D883C8D72AA2}.Release|Any CPU.ActiveCfg = Release|Any CPU
		{ED6D0D12-1064-4AAB-BBB8-D883C8D72AA2}.Release|Any CPU.Build.0 = Release|Any CPU
		{ED6D0D12-1064-4AAB-BBB8-D883C8D72AA2}.Release|ARM.ActiveCfg = Release|Any CPU
		{ED6D0D12-1064-4AAB-BBB8-D883C8D72AA2}.Release|ARM.Build.0 = Release|Any CPU
		{ED6D0D12-1064-4AAB-BBB8-D883C8D72AA2}.Release|x64.ActiveCfg = Release|Any CPU
		{ED6D0D12-1064-4AAB-BBB8-D883C8D72AA2}.Release|x64.Build.0 = Release|Any CPU
		{ED6D0D12-1064-4AAB-BBB8-D883C8D72AA2}.Release|x86.ActiveCfg = Release|Any CPU
		{ED6D0D12-1064-4AAB-BBB8-D883C8D72AA2}.Release|x86.Build.0 = Release|Any CPU
	EndGlobalSection
	GlobalSection(SolutionProperties) = preSolution
		HideSolutionNode = FALSE
	EndGlobalSection
	GlobalSection(ExtensibilityGlobals) = postSolution
		SolutionGuid = {F74A113A-BBB1-47F3-9072-5A3DFF9E04CF}
	EndGlobalSection
EndGlobal
