
Microsoft Visual Studio Solution File, Format Version 12.00
# Visual Studio 15
VisualStudioVersion = 15.0.26403.7
MinimumVisualStudioVersion = 10.0.40219.1
Project("{FAE04EC0-301F-11D3-BF4B-00C04F79EFBC}") = "01", "170922-PF-Exercise 1\01.csproj", "{FBC9797B-CDC1-4818-AAAF-7600EA55B7BD}"
EndProject
Project("{FAE04EC0-301F-11D3-BF4B-00C04F79EFBC}") = "02", "02\02.csproj", "{C4CE77A2-A91A-4419-8F0E-75452A97172B}"
EndProject
Project("{FAE04EC0-301F-11D3-BF4B-00C04F79EFBC}") = "03", "03\03.csproj", "{A36DA7B4-0996-4745-8752-CE9EF50B563E}"
EndProject
Project("{FAE04EC0-301F-11D3-BF4B-00C04F79EFBC}") = "04", "04\04.csproj", "{05BE2437-7680-429A-BADF-1209DF1EE775}"
EndProject
Project("{FAE04EC0-301F-11D3-BF4B-00C04F79EFBC}") = "05-Star", "05-Star\05-Star.csproj", "{19D1A3CC-35BB-404F-80B0-76024BA9DC39}"
EndProject
Global
	GlobalSection(SolutionConfigurationPlatforms) = preSolution
		Debug|Any CPU = Debug|Any CPU
		Release|Any CPU = Release|Any CPU
	EndGlobalSection
	GlobalSection(ProjectConfigurationPlatforms) = postSolution
		{FBC9797B-CDC1-4818-AAAF-7600EA55B7BD}.Debug|Any CPU.ActiveCfg = Debug|Any CPU
		{FBC9797B-CDC1-4818-AAAF-7600EA55B7BD}.Debug|Any CPU.Build.0 = Debug|Any CPU
		{FBC9797B-CDC1-4818-AAAF-7600EA55B7BD}.Release|Any CPU.ActiveCfg = Release|Any CPU
		{FBC9797B-CDC1-4818-AAAF-7600EA55B7BD}.Release|Any CPU.Build.0 = Release|Any CPU
		{C4CE77A2-A91A-4419-8F0E-75452A97172B}.Debug|Any CPU.ActiveCfg = Debug|Any CPU
		{C4CE77A2-A91A-4419-8F0E-75452A97172B}.Debug|Any CPU.Build.0 = Debug|Any CPU
		{C4CE77A2-A91A-4419-8F0E-75452A97172B}.Release|Any CPU.ActiveCfg = Release|Any CPU
		{C4CE77A2-A91A-4419-8F0E-75452A97172B}.Release|Any CPU.Build.0 = Release|Any CPU
		{A36DA7B4-0996-4745-8752-CE9EF50B563E}.Debug|Any CPU.ActiveCfg = Debug|Any CPU
		{A36DA7B4-0996-4745-8752-CE9EF50B563E}.Debug|Any CPU.Build.0 = Debug|Any CPU
		{A36DA7B4-0996-4745-8752-CE9EF50B563E}.Release|Any CPU.ActiveCfg = Release|Any CPU
		{A36DA7B4-0996-4745-8752-CE9EF50B563E}.Release|Any CPU.Build.0 = Release|Any CPU
		{05BE2437-7680-429A-BADF-1209DF1EE775}.Debug|Any CPU.ActiveCfg = Debug|Any CPU
		{05BE2437-7680-429A-BADF-1209DF1EE775}.Debug|Any CPU.Build.0 = Debug|Any CPU
		{05BE2437-7680-429A-BADF-1209DF1EE775}.Release|Any CPU.ActiveCfg = Release|Any CPU
		{05BE2437-7680-429A-BADF-1209DF1EE775}.Release|Any CPU.Build.0 = Release|Any CPU
		{19D1A3CC-35BB-404F-80B0-76024BA9DC39}.Debug|Any CPU.ActiveCfg = Debug|Any CPU
		{19D1A3CC-35BB-404F-80B0-76024BA9DC39}.Debug|Any CPU.Build.0 = Debug|Any CPU
		{19D1A3CC-35BB-404F-80B0-76024BA9DC39}.Release|Any CPU.ActiveCfg = Release|Any CPU
		{19D1A3CC-35BB-404F-80B0-76024BA9DC39}.Release|Any CPU.Build.0 = Release|Any CPU
	EndGlobalSection
	GlobalSection(SolutionProperties) = preSolution
		HideSolutionNode = FALSE
	EndGlobalSection
EndGlobal
