
Microsoft Visual Studio Solution File, Format Version 12.00
# Visual Studio 15
VisualStudioVersion = 15.0.27004.2005
MinimumVisualStudioVersion = 10.0.40219.1
Project("{FAE04EC0-301F-11D3-BF4B-00C04F79EFBC}") = "01-SinoTheWalker", "01-SinoTheWalker\01-SinoTheWalker.csproj", "{EAC8A840-8F36-4F0D-B78A-47D3F8EB74D7}"
EndProject
Project("{FAE04EC0-301F-11D3-BF4B-00C04F79EFBC}") = "02-SoftUniKaraoke", "02-SoftUniKaraoke\02-SoftUniKaraoke.csproj", "{C5A606CA-6867-4C38-B2ED-346A68D418D3}"
EndProject
Project("{FAE04EC0-301F-11D3-BF4B-00C04F79EFBC}") = "03-EnduranceRally", "03-EnduranceRally\03-EnduranceRally.csproj", "{944DE9E3-4549-423A-8464-AF1B42C006CE}"
EndProject
Project("{FAE04EC0-301F-11D3-BF4B-00C04F79EFBC}") = "04-Winner", "04-Winner\04-Winner.csproj", "{AE3D30ED-2DE4-4A2A-8A17-66E140FC307A}"
EndProject
Global
	GlobalSection(SolutionConfigurationPlatforms) = preSolution
		Debug|Any CPU = Debug|Any CPU
		Release|Any CPU = Release|Any CPU
	EndGlobalSection
	GlobalSection(ProjectConfigurationPlatforms) = postSolution
		{EAC8A840-8F36-4F0D-B78A-47D3F8EB74D7}.Debug|Any CPU.ActiveCfg = Debug|Any CPU
		{EAC8A840-8F36-4F0D-B78A-47D3F8EB74D7}.Debug|Any CPU.Build.0 = Debug|Any CPU
		{EAC8A840-8F36-4F0D-B78A-47D3F8EB74D7}.Release|Any CPU.ActiveCfg = Release|Any CPU
		{EAC8A840-8F36-4F0D-B78A-47D3F8EB74D7}.Release|Any CPU.Build.0 = Release|Any CPU
		{C5A606CA-6867-4C38-B2ED-346A68D418D3}.Debug|Any CPU.ActiveCfg = Debug|Any CPU
		{C5A606CA-6867-4C38-B2ED-346A68D418D3}.Debug|Any CPU.Build.0 = Debug|Any CPU
		{C5A606CA-6867-4C38-B2ED-346A68D418D3}.Release|Any CPU.ActiveCfg = Release|Any CPU
		{C5A606CA-6867-4C38-B2ED-346A68D418D3}.Release|Any CPU.Build.0 = Release|Any CPU
		{944DE9E3-4549-423A-8464-AF1B42C006CE}.Debug|Any CPU.ActiveCfg = Debug|Any CPU
		{944DE9E3-4549-423A-8464-AF1B42C006CE}.Debug|Any CPU.Build.0 = Debug|Any CPU
		{944DE9E3-4549-423A-8464-AF1B42C006CE}.Release|Any CPU.ActiveCfg = Release|Any CPU
		{944DE9E3-4549-423A-8464-AF1B42C006CE}.Release|Any CPU.Build.0 = Release|Any CPU
		{AE3D30ED-2DE4-4A2A-8A17-66E140FC307A}.Debug|Any CPU.ActiveCfg = Debug|Any CPU
		{AE3D30ED-2DE4-4A2A-8A17-66E140FC307A}.Debug|Any CPU.Build.0 = Debug|Any CPU
		{AE3D30ED-2DE4-4A2A-8A17-66E140FC307A}.Release|Any CPU.ActiveCfg = Release|Any CPU
		{AE3D30ED-2DE4-4A2A-8A17-66E140FC307A}.Release|Any CPU.Build.0 = Release|Any CPU
	EndGlobalSection
	GlobalSection(SolutionProperties) = preSolution
		HideSolutionNode = FALSE
	EndGlobalSection
	GlobalSection(ExtensibilityGlobals) = postSolution
		SolutionGuid = {171FC35E-5AFC-445A-A3E6-97A7A9820A4F}
	EndGlobalSection
EndGlobal
