
Microsoft Visual Studio Solution File, Format Version 12.00
# Visual Studio 15
VisualStudioVersion = 15.0.26403.7
MinimumVisualStudioVersion = 10.0.40219.1
Project("{FAE04EC0-301F-11D3-BF4B-00C04F79EFBC}") = "01", "171001-PF-Exercise 4\01.csproj", "{9C0A83ED-65F3-4612-941D-E6583B5C9AF4}"
EndProject
Project("{FAE04EC0-301F-11D3-BF4B-00C04F79EFBC}") = "02", "02\02.csproj", "{7F50D32F-495B-43AC-A5CA-3DBFBC85350B}"
EndProject
Project("{FAE04EC0-301F-11D3-BF4B-00C04F79EFBC}") = "03", "03\03.csproj", "{33C2A09D-0D45-4B6B-AF01-59F9770A0025}"
EndProject
Project("{FAE04EC0-301F-11D3-BF4B-00C04F79EFBC}") = "04", "04\04.csproj", "{DBBCF48A-C51A-492B-9C37-64AB3BD0FA9F}"
EndProject
Project("{FAE04EC0-301F-11D3-BF4B-00C04F79EFBC}") = "05", "05\05.csproj", "{0B78DDFD-64D5-4664-AF95-31D1844A520B}"
EndProject
Project("{FAE04EC0-301F-11D3-BF4B-00C04F79EFBC}") = "06", "06\06.csproj", "{770A9CAE-0E0D-4402-824B-16FFA6DEB1B6}"
EndProject
Project("{FAE04EC0-301F-11D3-BF4B-00C04F79EFBC}") = "07", "07\07.csproj", "{1A799ED2-7C9A-4445-9B71-CC5B65CA5B12}"
EndProject
Project("{FAE04EC0-301F-11D3-BF4B-00C04F79EFBC}") = "08", "08\08.csproj", "{5FC09403-AC3A-4C05-BFB6-C9B3C9091219}"
EndProject
Project("{FAE04EC0-301F-11D3-BF4B-00C04F79EFBC}") = "09", "09\09.csproj", "{BEB4E8F4-BD0A-4907-9F58-745DD3A13481}"
EndProject
Project("{FAE04EC0-301F-11D3-BF4B-00C04F79EFBC}") = "10", "10\10.csproj", "{C4162FAB-7C86-441F-A03A-B760E8A7E6A7}"
EndProject
Project("{FAE04EC0-301F-11D3-BF4B-00C04F79EFBC}") = "11", "11\11.csproj", "{9E2E469B-5A3A-4058-B78C-B50476C1C3DF}"
EndProject
Project("{FAE04EC0-301F-11D3-BF4B-00C04F79EFBC}") = "12", "12\12.csproj", "{3491917D-4744-40D6-BFE2-4298DE543AEF}"
EndProject
Project("{FAE04EC0-301F-11D3-BF4B-00C04F79EFBC}") = "13", "13\13.csproj", "{449835CB-1E6B-4586-BD55-977AA3113781}"
EndProject
Project("{FAE04EC0-301F-11D3-BF4B-00C04F79EFBC}") = "14", "14\14.csproj", "{47D5EA39-0B95-4DC0-92E4-D29479B2F0CE}"
EndProject
Project("{FAE04EC0-301F-11D3-BF4B-00C04F79EFBC}") = "15", "15\15.csproj", "{181E92F2-C36D-46D2-84C1-21493BCC5547}"
EndProject
Project("{FAE04EC0-301F-11D3-BF4B-00C04F79EFBC}") = "16", "16\16.csproj", "{CC134B9B-8845-4C3E-BFCD-D4733D4A6CC1}"
EndProject
Project("{FAE04EC0-301F-11D3-BF4B-00C04F79EFBC}") = "17", "17\17.csproj", "{E72D14AC-C692-4E5E-9AEB-7CF411A999DD}"
EndProject
Project("{FAE04EC0-301F-11D3-BF4B-00C04F79EFBC}") = "18", "18\18.csproj", "{231B7B33-EFB3-4A2E-9E51-8BFBE8B441B3}"
EndProject
Project("{FAE04EC0-301F-11D3-BF4B-00C04F79EFBC}") = "19", "19\19.csproj", "{B6586E1C-E5EE-4A45-81AC-EE44B9C5D737}"
EndProject
Global
	GlobalSection(SolutionConfigurationPlatforms) = preSolution
		Debug|Any CPU = Debug|Any CPU
		Release|Any CPU = Release|Any CPU
	EndGlobalSection
	GlobalSection(ProjectConfigurationPlatforms) = postSolution
		{9C0A83ED-65F3-4612-941D-E6583B5C9AF4}.Debug|Any CPU.ActiveCfg = Debug|Any CPU
		{9C0A83ED-65F3-4612-941D-E6583B5C9AF4}.Debug|Any CPU.Build.0 = Debug|Any CPU
		{9C0A83ED-65F3-4612-941D-E6583B5C9AF4}.Release|Any CPU.ActiveCfg = Release|Any CPU
		{9C0A83ED-65F3-4612-941D-E6583B5C9AF4}.Release|Any CPU.Build.0 = Release|Any CPU
		{7F50D32F-495B-43AC-A5CA-3DBFBC85350B}.Debug|Any CPU.ActiveCfg = Debug|Any CPU
		{7F50D32F-495B-43AC-A5CA-3DBFBC85350B}.Debug|Any CPU.Build.0 = Debug|Any CPU
		{7F50D32F-495B-43AC-A5CA-3DBFBC85350B}.Release|Any CPU.ActiveCfg = Release|Any CPU
		{7F50D32F-495B-43AC-A5CA-3DBFBC85350B}.Release|Any CPU.Build.0 = Release|Any CPU
		{33C2A09D-0D45-4B6B-AF01-59F9770A0025}.Debug|Any CPU.ActiveCfg = Debug|Any CPU
		{33C2A09D-0D45-4B6B-AF01-59F9770A0025}.Debug|Any CPU.Build.0 = Debug|Any CPU
		{33C2A09D-0D45-4B6B-AF01-59F9770A0025}.Release|Any CPU.ActiveCfg = Release|Any CPU
		{33C2A09D-0D45-4B6B-AF01-59F9770A0025}.Release|Any CPU.Build.0 = Release|Any CPU
		{DBBCF48A-C51A-492B-9C37-64AB3BD0FA9F}.Debug|Any CPU.ActiveCfg = Debug|Any CPU
		{DBBCF48A-C51A-492B-9C37-64AB3BD0FA9F}.Debug|Any CPU.Build.0 = Debug|Any CPU
		{DBBCF48A-C51A-492B-9C37-64AB3BD0FA9F}.Release|Any CPU.ActiveCfg = Release|Any CPU
		{DBBCF48A-C51A-492B-9C37-64AB3BD0FA9F}.Release|Any CPU.Build.0 = Release|Any CPU
		{0B78DDFD-64D5-4664-AF95-31D1844A520B}.Debug|Any CPU.ActiveCfg = Debug|Any CPU
		{0B78DDFD-64D5-4664-AF95-31D1844A520B}.Debug|Any CPU.Build.0 = Debug|Any CPU
		{0B78DDFD-64D5-4664-AF95-31D1844A520B}.Release|Any CPU.ActiveCfg = Release|Any CPU
		{0B78DDFD-64D5-4664-AF95-31D1844A520B}.Release|Any CPU.Build.0 = Release|Any CPU
		{770A9CAE-0E0D-4402-824B-16FFA6DEB1B6}.Debug|Any CPU.ActiveCfg = Debug|Any CPU
		{770A9CAE-0E0D-4402-824B-16FFA6DEB1B6}.Debug|Any CPU.Build.0 = Debug|Any CPU
		{770A9CAE-0E0D-4402-824B-16FFA6DEB1B6}.Release|Any CPU.ActiveCfg = Release|Any CPU
		{770A9CAE-0E0D-4402-824B-16FFA6DEB1B6}.Release|Any CPU.Build.0 = Release|Any CPU
		{1A799ED2-7C9A-4445-9B71-CC5B65CA5B12}.Debug|Any CPU.ActiveCfg = Debug|Any CPU
		{1A799ED2-7C9A-4445-9B71-CC5B65CA5B12}.Debug|Any CPU.Build.0 = Debug|Any CPU
		{1A799ED2-7C9A-4445-9B71-CC5B65CA5B12}.Release|Any CPU.ActiveCfg = Release|Any CPU
		{1A799ED2-7C9A-4445-9B71-CC5B65CA5B12}.Release|Any CPU.Build.0 = Release|Any CPU
		{5FC09403-AC3A-4C05-BFB6-C9B3C9091219}.Debug|Any CPU.ActiveCfg = Debug|Any CPU
		{5FC09403-AC3A-4C05-BFB6-C9B3C9091219}.Debug|Any CPU.Build.0 = Debug|Any CPU
		{5FC09403-AC3A-4C05-BFB6-C9B3C9091219}.Release|Any CPU.ActiveCfg = Release|Any CPU
		{5FC09403-AC3A-4C05-BFB6-C9B3C9091219}.Release|Any CPU.Build.0 = Release|Any CPU
		{BEB4E8F4-BD0A-4907-9F58-745DD3A13481}.Debug|Any CPU.ActiveCfg = Debug|Any CPU
		{BEB4E8F4-BD0A-4907-9F58-745DD3A13481}.Debug|Any CPU.Build.0 = Debug|Any CPU
		{BEB4E8F4-BD0A-4907-9F58-745DD3A13481}.Release|Any CPU.ActiveCfg = Release|Any CPU
		{BEB4E8F4-BD0A-4907-9F58-745DD3A13481}.Release|Any CPU.Build.0 = Release|Any CPU
		{C4162FAB-7C86-441F-A03A-B760E8A7E6A7}.Debug|Any CPU.ActiveCfg = Debug|Any CPU
		{C4162FAB-7C86-441F-A03A-B760E8A7E6A7}.Debug|Any CPU.Build.0 = Debug|Any CPU
		{C4162FAB-7C86-441F-A03A-B760E8A7E6A7}.Release|Any CPU.ActiveCfg = Release|Any CPU
		{C4162FAB-7C86-441F-A03A-B760E8A7E6A7}.Release|Any CPU.Build.0 = Release|Any CPU
		{9E2E469B-5A3A-4058-B78C-B50476C1C3DF}.Debug|Any CPU.ActiveCfg = Debug|Any CPU
		{9E2E469B-5A3A-4058-B78C-B50476C1C3DF}.Debug|Any CPU.Build.0 = Debug|Any CPU
		{9E2E469B-5A3A-4058-B78C-B50476C1C3DF}.Release|Any CPU.ActiveCfg = Release|Any CPU
		{9E2E469B-5A3A-4058-B78C-B50476C1C3DF}.Release|Any CPU.Build.0 = Release|Any CPU
		{3491917D-4744-40D6-BFE2-4298DE543AEF}.Debug|Any CPU.ActiveCfg = Debug|Any CPU
		{3491917D-4744-40D6-BFE2-4298DE543AEF}.Debug|Any CPU.Build.0 = Debug|Any CPU
		{3491917D-4744-40D6-BFE2-4298DE543AEF}.Release|Any CPU.ActiveCfg = Release|Any CPU
		{3491917D-4744-40D6-BFE2-4298DE543AEF}.Release|Any CPU.Build.0 = Release|Any CPU
		{449835CB-1E6B-4586-BD55-977AA3113781}.Debug|Any CPU.ActiveCfg = Debug|Any CPU
		{449835CB-1E6B-4586-BD55-977AA3113781}.Debug|Any CPU.Build.0 = Debug|Any CPU
		{449835CB-1E6B-4586-BD55-977AA3113781}.Release|Any CPU.ActiveCfg = Release|Any CPU
		{449835CB-1E6B-4586-BD55-977AA3113781}.Release|Any CPU.Build.0 = Release|Any CPU
		{47D5EA39-0B95-4DC0-92E4-D29479B2F0CE}.Debug|Any CPU.ActiveCfg = Debug|Any CPU
		{47D5EA39-0B95-4DC0-92E4-D29479B2F0CE}.Debug|Any CPU.Build.0 = Debug|Any CPU
		{47D5EA39-0B95-4DC0-92E4-D29479B2F0CE}.Release|Any CPU.ActiveCfg = Release|Any CPU
		{47D5EA39-0B95-4DC0-92E4-D29479B2F0CE}.Release|Any CPU.Build.0 = Release|Any CPU
		{181E92F2-C36D-46D2-84C1-21493BCC5547}.Debug|Any CPU.ActiveCfg = Debug|Any CPU
		{181E92F2-C36D-46D2-84C1-21493BCC5547}.Debug|Any CPU.Build.0 = Debug|Any CPU
		{181E92F2-C36D-46D2-84C1-21493BCC5547}.Release|Any CPU.ActiveCfg = Release|Any CPU
		{181E92F2-C36D-46D2-84C1-21493BCC5547}.Release|Any CPU.Build.0 = Release|Any CPU
		{CC134B9B-8845-4C3E-BFCD-D4733D4A6CC1}.Debug|Any CPU.ActiveCfg = Debug|Any CPU
		{CC134B9B-8845-4C3E-BFCD-D4733D4A6CC1}.Debug|Any CPU.Build.0 = Debug|Any CPU
		{CC134B9B-8845-4C3E-BFCD-D4733D4A6CC1}.Release|Any CPU.ActiveCfg = Release|Any CPU
		{CC134B9B-8845-4C3E-BFCD-D4733D4A6CC1}.Release|Any CPU.Build.0 = Release|Any CPU
		{E72D14AC-C692-4E5E-9AEB-7CF411A999DD}.Debug|Any CPU.ActiveCfg = Debug|Any CPU
		{E72D14AC-C692-4E5E-9AEB-7CF411A999DD}.Debug|Any CPU.Build.0 = Debug|Any CPU
		{E72D14AC-C692-4E5E-9AEB-7CF411A999DD}.Release|Any CPU.ActiveCfg = Release|Any CPU
		{E72D14AC-C692-4E5E-9AEB-7CF411A999DD}.Release|Any CPU.Build.0 = Release|Any CPU
		{231B7B33-EFB3-4A2E-9E51-8BFBE8B441B3}.Debug|Any CPU.ActiveCfg = Debug|Any CPU
		{231B7B33-EFB3-4A2E-9E51-8BFBE8B441B3}.Debug|Any CPU.Build.0 = Debug|Any CPU
		{231B7B33-EFB3-4A2E-9E51-8BFBE8B441B3}.Release|Any CPU.ActiveCfg = Release|Any CPU
		{231B7B33-EFB3-4A2E-9E51-8BFBE8B441B3}.Release|Any CPU.Build.0 = Release|Any CPU
		{B6586E1C-E5EE-4A45-81AC-EE44B9C5D737}.Debug|Any CPU.ActiveCfg = Debug|Any CPU
		{B6586E1C-E5EE-4A45-81AC-EE44B9C5D737}.Debug|Any CPU.Build.0 = Debug|Any CPU
		{B6586E1C-E5EE-4A45-81AC-EE44B9C5D737}.Release|Any CPU.ActiveCfg = Release|Any CPU
		{B6586E1C-E5EE-4A45-81AC-EE44B9C5D737}.Release|Any CPU.Build.0 = Release|Any CPU
	EndGlobalSection
	GlobalSection(SolutionProperties) = preSolution
		HideSolutionNode = FALSE
	EndGlobalSection
EndGlobal
